
Microsoft Visual Studio Solution File, Format Version 12.00
# Visual Studio Version 17
VisualStudioVersion = 17.9.34714.143
MinimumVisualStudioVersion = 10.0.40219.1
Project("{FAE04EC0-301F-11D3-BF4B-00C04F79EFBC}") = "RepositoryPatternWithUOW.API", "RepositoryPatternWithUOW.API\RepositoryPatternWithUOW.API.csproj", "{1ADEA2CB-129C-4703-9A2F-6BB0E77753BA}"
EndProject
Project("{FAE04EC0-301F-11D3-BF4B-00C04F79EFBC}") = "RepositoryPatternWithUOW.Core", "RepositoryPatternWithUOW.Core\RepositoryPatternWithUOW.Core.csproj", "{CDFCF6BC-82FB-4443-9685-BD6A37CA1FA8}"
EndProject
Project("{FAE04EC0-301F-11D3-BF4B-00C04F79EFBC}") = "RepositoryPatternWithUOW.EF", "RepositoryPatternWithUOW.EF\RepositoryPatternWithUOW.EF.csproj", "{03180F27-91B7-43D0-ADFC-2260895A046E}"
EndProject
Global
	GlobalSection(SolutionConfigurationPlatforms) = preSolution
		Debug|Any CPU = Debug|Any CPU
		Release|Any CPU = Release|Any CPU
	EndGlobalSection
	GlobalSection(ProjectConfigurationPlatforms) = postSolution
		{1ADEA2CB-129C-4703-9A2F-6BB0E77753BA}.Debug|Any CPU.ActiveCfg = Debug|Any CPU
		{1ADEA2CB-129C-4703-9A2F-6BB0E77753BA}.Debug|Any CPU.Build.0 = Debug|Any CPU
		{1ADEA2CB-129C-4703-9A2F-6BB0E77753BA}.Release|Any CPU.ActiveCfg = Release|Any CPU
		{1ADEA2CB-129C-4703-9A2F-6BB0E77753BA}.Release|Any CPU.Build.0 = Release|Any CPU
		{CDFCF6BC-82FB-4443-9685-BD6A37CA1FA8}.Debug|Any CPU.ActiveCfg = Debug|Any CPU
		{CDFCF6BC-82FB-4443-9685-BD6A37CA1FA8}.Debug|Any CPU.Build.0 = Debug|Any CPU
		{CDFCF6BC-82FB-4443-9685-BD6A37CA1FA8}.Release|Any CPU.ActiveCfg = Release|Any CPU
		{CDFCF6BC-82FB-4443-9685-BD6A37CA1FA8}.Release|Any CPU.Build.0 = Release|Any CPU
		{03180F27-91B7-43D0-ADFC-2260895A046E}.Debug|Any CPU.ActiveCfg = Debug|Any CPU
		{03180F27-91B7-43D0-ADFC-2260895A046E}.Debug|Any CPU.Build.0 = Debug|Any CPU
		{03180F27-91B7-43D0-ADFC-2260895A046E}.Release|Any CPU.ActiveCfg = Release|Any CPU
		{03180F27-91B7-43D0-ADFC-2260895A046E}.Release|Any CPU.Build.0 = Release|Any CPU
	EndGlobalSection
	GlobalSection(SolutionProperties) = preSolution
		HideSolutionNode = FALSE
	EndGlobalSection
	GlobalSection(ExtensibilityGlobals) = postSolution
		SolutionGuid = {F4DE8396-34EE-4A7D-9EEB-F14DBCA662C7}
	EndGlobalSection
EndGlobal
